
Microsoft Visual Studio Solution File, Format Version 12.00
Project("{FAE04EC0-301F-11D3-BF4B-00C04F79EFBC}") = "Day7", "Day7\Day7.csproj", "{007CF2B6-EC1E-4F10-BF0C-FE19DC368564}"
EndProject
Global
	GlobalSection(SolutionConfigurationPlatforms) = preSolution
		Debug|Any CPU = Debug|Any CPU
		Release|Any CPU = Release|Any CPU
	EndGlobalSection
	GlobalSection(ProjectConfigurationPlatforms) = postSolution
		{007CF2B6-EC1E-4F10-BF0C-FE19DC368564}.Debug|Any CPU.ActiveCfg = Debug|Any CPU
		{007CF2B6-EC1E-4F10-BF0C-FE19DC368564}.Debug|Any CPU.Build.0 = Debug|Any CPU
		{007CF2B6-EC1E-4F10-BF0C-FE19DC368564}.Release|Any CPU.ActiveCfg = Release|Any CPU
		{007CF2B6-EC1E-4F10-BF0C-FE19DC368564}.Release|Any CPU.Build.0 = Release|Any CPU
	EndGlobalSection
EndGlobal
