
Microsoft Visual Studio Solution File, Format Version 12.00
Project("{FAE04EC0-301F-11D3-BF4B-00C04F79EFBC}") = "Day17", "Day17\Day17.csproj", "{A82DDA54-BFC3-4344-BFAF-9E30265F3A28}"
EndProject
Global
	GlobalSection(SolutionConfigurationPlatforms) = preSolution
		Debug|Any CPU = Debug|Any CPU
		Release|Any CPU = Release|Any CPU
	EndGlobalSection
	GlobalSection(ProjectConfigurationPlatforms) = postSolution
		{A82DDA54-BFC3-4344-BFAF-9E30265F3A28}.Debug|Any CPU.ActiveCfg = Debug|Any CPU
		{A82DDA54-BFC3-4344-BFAF-9E30265F3A28}.Debug|Any CPU.Build.0 = Debug|Any CPU
		{A82DDA54-BFC3-4344-BFAF-9E30265F3A28}.Release|Any CPU.ActiveCfg = Release|Any CPU
		{A82DDA54-BFC3-4344-BFAF-9E30265F3A28}.Release|Any CPU.Build.0 = Release|Any CPU
	EndGlobalSection
EndGlobal
