
Microsoft Visual Studio Solution File, Format Version 12.00
Project("{FAE04EC0-301F-11D3-BF4B-00C04F79EFBC}") = "Day8", "Day8\Day8.csproj", "{C16E1055-BED6-498E-80B3-73D39F4E3845}"
EndProject
Global
	GlobalSection(SolutionConfigurationPlatforms) = preSolution
		Debug|Any CPU = Debug|Any CPU
		Release|Any CPU = Release|Any CPU
	EndGlobalSection
	GlobalSection(ProjectConfigurationPlatforms) = postSolution
		{C16E1055-BED6-498E-80B3-73D39F4E3845}.Debug|Any CPU.ActiveCfg = Debug|Any CPU
		{C16E1055-BED6-498E-80B3-73D39F4E3845}.Debug|Any CPU.Build.0 = Debug|Any CPU
		{C16E1055-BED6-498E-80B3-73D39F4E3845}.Release|Any CPU.ActiveCfg = Release|Any CPU
		{C16E1055-BED6-498E-80B3-73D39F4E3845}.Release|Any CPU.Build.0 = Release|Any CPU
	EndGlobalSection
EndGlobal
