
Microsoft Visual Studio Solution File, Format Version 12.00
Project("{FAE04EC0-301F-11D3-BF4B-00C04F79EFBC}") = "Day16", "Day16\Day16.csproj", "{353831C1-1482-42D5-9F94-E40CC29020F7}"
EndProject
Global
	GlobalSection(SolutionConfigurationPlatforms) = preSolution
		Debug|Any CPU = Debug|Any CPU
		Release|Any CPU = Release|Any CPU
	EndGlobalSection
	GlobalSection(ProjectConfigurationPlatforms) = postSolution
		{353831C1-1482-42D5-9F94-E40CC29020F7}.Debug|Any CPU.ActiveCfg = Debug|Any CPU
		{353831C1-1482-42D5-9F94-E40CC29020F7}.Debug|Any CPU.Build.0 = Debug|Any CPU
		{353831C1-1482-42D5-9F94-E40CC29020F7}.Release|Any CPU.ActiveCfg = Release|Any CPU
		{353831C1-1482-42D5-9F94-E40CC29020F7}.Release|Any CPU.Build.0 = Release|Any CPU
	EndGlobalSection
EndGlobal
